// !$*UTF8*$!
{
	archiveVersion = 1;
	classes = {
	};
	objectVersion = 56;
	objects = {

/* Begin PBXBuildFile section */
		D147683E2974A54C00F29DE0 /* LessonDetailViewController.swift in Sources */ = {isa = PBXBuildFile; fileRef = D147683D2974A54C00F29DE0 /* LessonDetailViewController.swift */; };
		D14768422974AAC600F29DE0 /* LessonDetailView.swift in Sources */ = {isa = PBXBuildFile; fileRef = D14768412974AAC600F29DE0 /* LessonDetailView.swift */; };
		D1D89AF529736DDE00141E0E /* LessonsList.docc in Sources */ = {isa = PBXBuildFile; fileRef = D1D89AF429736DDE00141E0E /* LessonsList.docc */; };
		D1D89AFB29736DDE00141E0E /* LessonsList.framework in Frameworks */ = {isa = PBXBuildFile; fileRef = D1D89AF129736DDE00141E0E /* LessonsList.framework */; };
		D1D89B0029736DDE00141E0E /* LessonsViewModelTests.swift in Sources */ = {isa = PBXBuildFile; fileRef = D1D89AFF29736DDE00141E0E /* LessonsViewModelTests.swift */; };
		D1D89B0129736DDE00141E0E /* LessonsList.h in Headers */ = {isa = PBXBuildFile; fileRef = D1D89AF329736DDE00141E0E /* LessonsList.h */; settings = {ATTRIBUTES = (Public, ); }; };
		D1D89B0929736E5C00141E0E /* LessonsModel.swift in Sources */ = {isa = PBXBuildFile; fileRef = D1D89B0829736E5C00141E0E /* LessonsModel.swift */; };
		D1D89B0A29736F4E00141E0E /* LessonsList.framework in Frameworks */ = {isa = PBXBuildFile; fileRef = D1D89AF129736DDE00141E0E /* LessonsList.framework */; };
		D1D89B0B29736F4E00141E0E /* LessonsList.framework in Embed Frameworks */ = {isa = PBXBuildFile; fileRef = D1D89AF129736DDE00141E0E /* LessonsList.framework */; settings = {ATTRIBUTES = (CodeSignOnCopy, RemoveHeadersOnCopy, ); }; };
		D1D89B0E29736F7700141E0E /* Network_Layer.framework in Frameworks */ = {isa = PBXBuildFile; fileRef = D1F12A742972C9ED0076502F /* Network_Layer.framework */; };
		D1D89B0F29736F7700141E0E /* Network_Layer.framework in Embed Frameworks */ = {isa = PBXBuildFile; fileRef = D1F12A742972C9ED0076502F /* Network_Layer.framework */; settings = {ATTRIBUTES = (CodeSignOnCopy, RemoveHeadersOnCopy, ); }; };
		D1D89B1429736F9400141E0E /* LessonsViewModel.swift in Sources */ = {isa = PBXBuildFile; fileRef = D1D89B1329736F9400141E0E /* LessonsViewModel.swift */; };
		D1D89B1629736FA600141E0E /* LessonsService.swift in Sources */ = {isa = PBXBuildFile; fileRef = D1D89B1529736FA600141E0E /* LessonsService.swift */; };
		D1F0B9E2297374BE002076E7 /* LessonsRequest.swift in Sources */ = {isa = PBXBuildFile; fileRef = D1F0B9E1297374BE002076E7 /* LessonsRequest.swift */; };
		D1F0B9E429737ED7002076E7 /* LessonsUIModel.swift in Sources */ = {isa = PBXBuildFile; fileRef = D1F0B9E329737ED7002076E7 /* LessonsUIModel.swift */; };
		D1F12A462972C7D80076502F /* Photo_LessonsApp.swift in Sources */ = {isa = PBXBuildFile; fileRef = D1F12A452972C7D80076502F /* Photo_LessonsApp.swift */; };
		D1F12A482972C7D80076502F /* LessonsListView.swift in Sources */ = {isa = PBXBuildFile; fileRef = D1F12A472972C7D80076502F /* LessonsListView.swift */; };
		D1F12A4A2972C7D90076502F /* Assets.xcassets in Resources */ = {isa = PBXBuildFile; fileRef = D1F12A492972C7D90076502F /* Assets.xcassets */; };
		D1F12A4D2972C7D90076502F /* Preview Assets.xcassets in Resources */ = {isa = PBXBuildFile; fileRef = D1F12A4C2972C7D90076502F /* Preview Assets.xcassets */; };
		D1F12A572972C7D90076502F /* Photo_LessonsTests.swift in Sources */ = {isa = PBXBuildFile; fileRef = D1F12A562972C7D90076502F /* Photo_LessonsTests.swift */; };
		D1F12A612972C7D90076502F /* Photo_LessonsUITests.swift in Sources */ = {isa = PBXBuildFile; fileRef = D1F12A602972C7D90076502F /* Photo_LessonsUITests.swift */; };
		D1F12A632972C7D90076502F /* Photo_LessonsUITestsLaunchTests.swift in Sources */ = {isa = PBXBuildFile; fileRef = D1F12A622972C7D90076502F /* Photo_LessonsUITestsLaunchTests.swift */; };
		D1F12A782972C9ED0076502F /* Network_Layer.docc in Sources */ = {isa = PBXBuildFile; fileRef = D1F12A772972C9ED0076502F /* Network_Layer.docc */; };
		D1F12A7E2972C9EE0076502F /* Network_Layer.framework in Frameworks */ = {isa = PBXBuildFile; fileRef = D1F12A742972C9ED0076502F /* Network_Layer.framework */; };
		D1F12A832972C9EE0076502F /* RequestProtocolTests.swift in Sources */ = {isa = PBXBuildFile; fileRef = D1F12A822972C9EE0076502F /* RequestProtocolTests.swift */; };
		D1F12A842972C9EE0076502F /* Network_Layer.h in Headers */ = {isa = PBXBuildFile; fileRef = D1F12A762972C9ED0076502F /* Network_Layer.h */; settings = {ATTRIBUTES = (Public, ); }; };
		D1F12A8D2972CE7C0076502F /* RequestProtocol.swift in Sources */ = {isa = PBXBuildFile; fileRef = D1F12A8C2972CE7C0076502F /* RequestProtocol.swift */; };
		D1F12A8E2972CE7C0076502F /* RequestInfos.swift in Sources */ = {isa = PBXBuildFile; fileRef = D1F12A8B2972CE7C0076502F /* RequestInfos.swift */; };
		D1F12A91297341B00076502F /* XCTestCase+MemoryLeakTracking.swift in Sources */ = {isa = PBXBuildFile; fileRef = D1F12A90297341B00076502F /* XCTestCase+MemoryLeakTracking.swift */; };
		D1F12A93297342550076502F /* RequestProtocolSpy.swift in Sources */ = {isa = PBXBuildFile; fileRef = D1F12A92297342550076502F /* RequestProtocolSpy.swift */; };
		D1F12AA2297344F80076502F /* Network_Layer.framework in Frameworks */ = {isa = PBXBuildFile; fileRef = D1F12A742972C9ED0076502F /* Network_Layer.framework */; };
		D1F12AA3297344F80076502F /* Network_Layer.framework in Embed Frameworks */ = {isa = PBXBuildFile; fileRef = D1F12A742972C9ED0076502F /* Network_Layer.framework */; settings = {ATTRIBUTES = (CodeSignOnCopy, RemoveHeadersOnCopy, ); }; };
/* End PBXBuildFile section */

/* Begin PBXContainerItemProxy section */
		D1D89AFC29736DDE00141E0E /* PBXContainerItemProxy */ = {
			isa = PBXContainerItemProxy;
			containerPortal = D1F12A3A2972C7D80076502F /* Project object */;
			proxyType = 1;
			remoteGlobalIDString = D1D89AF029736DDE00141E0E;
			remoteInfo = LessonsList;
		};
		D1D89B0C29736F4E00141E0E /* PBXContainerItemProxy */ = {
			isa = PBXContainerItemProxy;
			containerPortal = D1F12A3A2972C7D80076502F /* Project object */;
			proxyType = 1;
			remoteGlobalIDString = D1D89AF029736DDE00141E0E;
			remoteInfo = LessonsList;
		};
		D1D89B1029736F7700141E0E /* PBXContainerItemProxy */ = {
			isa = PBXContainerItemProxy;
			containerPortal = D1F12A3A2972C7D80076502F /* Project object */;
			proxyType = 1;
			remoteGlobalIDString = D1F12A732972C9ED0076502F;
			remoteInfo = "Network Layer";
		};
		D1F12A532972C7D90076502F /* PBXContainerItemProxy */ = {
			isa = PBXContainerItemProxy;
			containerPortal = D1F12A3A2972C7D80076502F /* Project object */;
			proxyType = 1;
			remoteGlobalIDString = D1F12A412972C7D80076502F;
			remoteInfo = "Photo-Lessons";
		};
		D1F12A5D2972C7D90076502F /* PBXContainerItemProxy */ = {
			isa = PBXContainerItemProxy;
			containerPortal = D1F12A3A2972C7D80076502F /* Project object */;
			proxyType = 1;
			remoteGlobalIDString = D1F12A412972C7D80076502F;
			remoteInfo = "Photo-Lessons";
		};
		D1F12A7F2972C9EE0076502F /* PBXContainerItemProxy */ = {
			isa = PBXContainerItemProxy;
			containerPortal = D1F12A3A2972C7D80076502F /* Project object */;
			proxyType = 1;
			remoteGlobalIDString = D1F12A732972C9ED0076502F;
			remoteInfo = "Network Layer";
		};
		D1F12AA4297344F80076502F /* PBXContainerItemProxy */ = {
			isa = PBXContainerItemProxy;
			containerPortal = D1F12A3A2972C7D80076502F /* Project object */;
			proxyType = 1;
			remoteGlobalIDString = D1F12A732972C9ED0076502F;
			remoteInfo = "Network Layer";
		};
/* End PBXContainerItemProxy section */

/* Begin PBXCopyFilesBuildPhase section */
		D1D89B1229736F7700141E0E /* Embed Frameworks */ = {
			isa = PBXCopyFilesBuildPhase;
			buildActionMask = 2147483647;
			dstPath = "";
			dstSubfolderSpec = 10;
			files = (
				D1D89B0F29736F7700141E0E /* Network_Layer.framework in Embed Frameworks */,
			);
			name = "Embed Frameworks";
			runOnlyForDeploymentPostprocessing = 0;
		};
		D1F12AA6297344F80076502F /* Embed Frameworks */ = {
			isa = PBXCopyFilesBuildPhase;
			buildActionMask = 2147483647;
			dstPath = "";
			dstSubfolderSpec = 10;
			files = (
				D1D89B0B29736F4E00141E0E /* LessonsList.framework in Embed Frameworks */,
				D1F12AA3297344F80076502F /* Network_Layer.framework in Embed Frameworks */,
			);
			name = "Embed Frameworks";
			runOnlyForDeploymentPostprocessing = 0;
		};
/* End PBXCopyFilesBuildPhase section */

/* Begin PBXFileReference section */
		D147683D2974A54C00F29DE0 /* LessonDetailViewController.swift */ = {isa = PBXFileReference; lastKnownFileType = sourcecode.swift; path = LessonDetailViewController.swift; sourceTree = "<group>"; };
		D14768412974AAC600F29DE0 /* LessonDetailView.swift */ = {isa = PBXFileReference; lastKnownFileType = sourcecode.swift; path = LessonDetailView.swift; sourceTree = "<group>"; };
		D1D89AF129736DDE00141E0E /* LessonsList.framework */ = {isa = PBXFileReference; explicitFileType = wrapper.framework; includeInIndex = 0; path = LessonsList.framework; sourceTree = BUILT_PRODUCTS_DIR; };
		D1D89AF329736DDE00141E0E /* LessonsList.h */ = {isa = PBXFileReference; lastKnownFileType = sourcecode.c.h; path = LessonsList.h; sourceTree = "<group>"; };
		D1D89AF429736DDE00141E0E /* LessonsList.docc */ = {isa = PBXFileReference; lastKnownFileType = folder.documentationcatalog; path = LessonsList.docc; sourceTree = "<group>"; };
		D1D89AFA29736DDE00141E0E /* LessonsListTests.xctest */ = {isa = PBXFileReference; explicitFileType = wrapper.cfbundle; includeInIndex = 0; path = LessonsListTests.xctest; sourceTree = BUILT_PRODUCTS_DIR; };
		D1D89AFF29736DDE00141E0E /* LessonsViewModelTests.swift */ = {isa = PBXFileReference; lastKnownFileType = sourcecode.swift; path = LessonsViewModelTests.swift; sourceTree = "<group>"; };
		D1D89B0829736E5C00141E0E /* LessonsModel.swift */ = {isa = PBXFileReference; lastKnownFileType = sourcecode.swift; path = LessonsModel.swift; sourceTree = "<group>"; };
		D1D89B1329736F9400141E0E /* LessonsViewModel.swift */ = {isa = PBXFileReference; lastKnownFileType = sourcecode.swift; path = LessonsViewModel.swift; sourceTree = "<group>"; };
		D1D89B1529736FA600141E0E /* LessonsService.swift */ = {isa = PBXFileReference; lastKnownFileType = sourcecode.swift; path = LessonsService.swift; sourceTree = "<group>"; };
		D1F0B9E1297374BE002076E7 /* LessonsRequest.swift */ = {isa = PBXFileReference; lastKnownFileType = sourcecode.swift; path = LessonsRequest.swift; sourceTree = "<group>"; };
		D1F0B9E329737ED7002076E7 /* LessonsUIModel.swift */ = {isa = PBXFileReference; lastKnownFileType = sourcecode.swift; path = LessonsUIModel.swift; sourceTree = "<group>"; };
		D1F12A422972C7D80076502F /* Photo-Lessons.app */ = {isa = PBXFileReference; explicitFileType = wrapper.application; includeInIndex = 0; path = "Photo-Lessons.app"; sourceTree = BUILT_PRODUCTS_DIR; };
		D1F12A452972C7D80076502F /* Photo_LessonsApp.swift */ = {isa = PBXFileReference; lastKnownFileType = sourcecode.swift; path = Photo_LessonsApp.swift; sourceTree = "<group>"; };
		D1F12A472972C7D80076502F /* LessonsListView.swift */ = {isa = PBXFileReference; lastKnownFileType = sourcecode.swift; path = LessonsListView.swift; sourceTree = "<group>"; };
		D1F12A492972C7D90076502F /* Assets.xcassets */ = {isa = PBXFileReference; lastKnownFileType = folder.assetcatalog; path = Assets.xcassets; sourceTree = "<group>"; };
		D1F12A4C2972C7D90076502F /* Preview Assets.xcassets */ = {isa = PBXFileReference; lastKnownFileType = folder.assetcatalog; path = "Preview Assets.xcassets"; sourceTree = "<group>"; };
		D1F12A522972C7D90076502F /* Photo-LessonsTests.xctest */ = {isa = PBXFileReference; explicitFileType = wrapper.cfbundle; includeInIndex = 0; path = "Photo-LessonsTests.xctest"; sourceTree = BUILT_PRODUCTS_DIR; };
		D1F12A562972C7D90076502F /* Photo_LessonsTests.swift */ = {isa = PBXFileReference; lastKnownFileType = sourcecode.swift; path = Photo_LessonsTests.swift; sourceTree = "<group>"; };
		D1F12A5C2972C7D90076502F /* Photo-LessonsUITests.xctest */ = {isa = PBXFileReference; explicitFileType = wrapper.cfbundle; includeInIndex = 0; path = "Photo-LessonsUITests.xctest"; sourceTree = BUILT_PRODUCTS_DIR; };
		D1F12A602972C7D90076502F /* Photo_LessonsUITests.swift */ = {isa = PBXFileReference; lastKnownFileType = sourcecode.swift; path = Photo_LessonsUITests.swift; sourceTree = "<group>"; };
		D1F12A622972C7D90076502F /* Photo_LessonsUITestsLaunchTests.swift */ = {isa = PBXFileReference; lastKnownFileType = sourcecode.swift; path = Photo_LessonsUITestsLaunchTests.swift; sourceTree = "<group>"; };
		D1F12A742972C9ED0076502F /* Network_Layer.framework */ = {isa = PBXFileReference; explicitFileType = wrapper.framework; includeInIndex = 0; path = Network_Layer.framework; sourceTree = BUILT_PRODUCTS_DIR; };
		D1F12A762972C9ED0076502F /* Network_Layer.h */ = {isa = PBXFileReference; lastKnownFileType = sourcecode.c.h; path = Network_Layer.h; sourceTree = "<group>"; };
		D1F12A772972C9ED0076502F /* Network_Layer.docc */ = {isa = PBXFileReference; lastKnownFileType = folder.documentationcatalog; path = Network_Layer.docc; sourceTree = "<group>"; };
		D1F12A7D2972C9EE0076502F /* Network LayerTests.xctest */ = {isa = PBXFileReference; explicitFileType = wrapper.cfbundle; includeInIndex = 0; path = "Network LayerTests.xctest"; sourceTree = BUILT_PRODUCTS_DIR; };
		D1F12A822972C9EE0076502F /* RequestProtocolTests.swift */ = {isa = PBXFileReference; lastKnownFileType = sourcecode.swift; path = RequestProtocolTests.swift; sourceTree = "<group>"; };
		D1F12A8B2972CE7C0076502F /* RequestInfos.swift */ = {isa = PBXFileReference; lastKnownFileType = sourcecode.swift; path = RequestInfos.swift; sourceTree = "<group>"; };
		D1F12A8C2972CE7C0076502F /* RequestProtocol.swift */ = {isa = PBXFileReference; lastKnownFileType = sourcecode.swift; path = RequestProtocol.swift; sourceTree = "<group>"; };
		D1F12A90297341B00076502F /* XCTestCase+MemoryLeakTracking.swift */ = {isa = PBXFileReference; lastKnownFileType = sourcecode.swift; path = "XCTestCase+MemoryLeakTracking.swift"; sourceTree = "<group>"; };
		D1F12A92297342550076502F /* RequestProtocolSpy.swift */ = {isa = PBXFileReference; lastKnownFileType = sourcecode.swift; path = RequestProtocolSpy.swift; sourceTree = "<group>"; };
/* End PBXFileReference section */

/* Begin PBXFrameworksBuildPhase section */
		D1D89AEE29736DDE00141E0E /* Frameworks */ = {
			isa = PBXFrameworksBuildPhase;
			buildActionMask = 2147483647;
			files = (
				D1D89B0E29736F7700141E0E /* Network_Layer.framework in Frameworks */,
			);
			runOnlyForDeploymentPostprocessing = 0;
		};
		D1D89AF729736DDE00141E0E /* Frameworks */ = {
			isa = PBXFrameworksBuildPhase;
			buildActionMask = 2147483647;
			files = (
				D1D89AFB29736DDE00141E0E /* LessonsList.framework in Frameworks */,
			);
			runOnlyForDeploymentPostprocessing = 0;
		};
		D1F12A3F2972C7D80076502F /* Frameworks */ = {
			isa = PBXFrameworksBuildPhase;
			buildActionMask = 2147483647;
			files = (
				D1D89B0A29736F4E00141E0E /* LessonsList.framework in Frameworks */,
				D1F12AA2297344F80076502F /* Network_Layer.framework in Frameworks */,
			);
			runOnlyForDeploymentPostprocessing = 0;
		};
		D1F12A4F2972C7D90076502F /* Frameworks */ = {
			isa = PBXFrameworksBuildPhase;
			buildActionMask = 2147483647;
			files = (
			);
			runOnlyForDeploymentPostprocessing = 0;
		};
		D1F12A592972C7D90076502F /* Frameworks */ = {
			isa = PBXFrameworksBuildPhase;
			buildActionMask = 2147483647;
			files = (
			);
			runOnlyForDeploymentPostprocessing = 0;
		};
		D1F12A712972C9ED0076502F /* Frameworks */ = {
			isa = PBXFrameworksBuildPhase;
			buildActionMask = 2147483647;
			files = (
			);
			runOnlyForDeploymentPostprocessing = 0;
		};
		D1F12A7A2972C9EE0076502F /* Frameworks */ = {
			isa = PBXFrameworksBuildPhase;
			buildActionMask = 2147483647;
			files = (
				D1F12A7E2972C9EE0076502F /* Network_Layer.framework in Frameworks */,
			);
			runOnlyForDeploymentPostprocessing = 0;
		};
/* End PBXFrameworksBuildPhase section */

/* Begin PBXGroup section */
		D147683F2974AA5C00F29DE0 /* LessonDetails */ = {
			isa = PBXGroup;
			children = (
				D147683D2974A54C00F29DE0 /* LessonDetailViewController.swift */,
				D14768412974AAC600F29DE0 /* LessonDetailView.swift */,
			);
			path = LessonDetails;
			sourceTree = "<group>";
		};
		D14768402974AA7100F29DE0 /* LessonsList */ = {
			isa = PBXGroup;
			children = (
				D1F12A472972C7D80076502F /* LessonsListView.swift */,
			);
			path = LessonsList;
			sourceTree = "<group>";
		};
		D1D89AF229736DDE00141E0E /* LessonsList */ = {
			isa = PBXGroup;
			children = (
				D1D89AF329736DDE00141E0E /* LessonsList.h */,
				D1D89AF429736DDE00141E0E /* LessonsList.docc */,
				D1D89B0829736E5C00141E0E /* LessonsModel.swift */,
				D1D89B1329736F9400141E0E /* LessonsViewModel.swift */,
				D1D89B1529736FA600141E0E /* LessonsService.swift */,
				D1F0B9E1297374BE002076E7 /* LessonsRequest.swift */,
				D1F0B9E329737ED7002076E7 /* LessonsUIModel.swift */,
			);
			path = LessonsList;
			sourceTree = "<group>";
		};
		D1D89AFE29736DDE00141E0E /* LessonsListTests */ = {
			isa = PBXGroup;
			children = (
				D1D89AFF29736DDE00141E0E /* LessonsViewModelTests.swift */,
			);
			path = LessonsListTests;
			sourceTree = "<group>";
		};
		D1F12A392972C7D80076502F = {
			isa = PBXGroup;
			children = (
				D1F12A442972C7D80076502F /* Photo-Lessons */,
				D1F12A552972C7D90076502F /* Photo-LessonsTests */,
				D1F12A5F2972C7D90076502F /* Photo-LessonsUITests */,
				D1F12A752972C9ED0076502F /* Network Layer */,
				D1F12A812972C9EE0076502F /* Network LayerTests */,
				D1D89AF229736DDE00141E0E /* LessonsList */,
				D1D89AFE29736DDE00141E0E /* LessonsListTests */,
				D1F12A432972C7D80076502F /* Products */,
				D1F12A94297343710076502F /* Frameworks */,
			);
			sourceTree = "<group>";
		};
		D1F12A432972C7D80076502F /* Products */ = {
			isa = PBXGroup;
			children = (
				D1F12A422972C7D80076502F /* Photo-Lessons.app */,
				D1F12A522972C7D90076502F /* Photo-LessonsTests.xctest */,
				D1F12A5C2972C7D90076502F /* Photo-LessonsUITests.xctest */,
				D1F12A742972C9ED0076502F /* Network_Layer.framework */,
				D1F12A7D2972C9EE0076502F /* Network LayerTests.xctest */,
				D1D89AF129736DDE00141E0E /* LessonsList.framework */,
				D1D89AFA29736DDE00141E0E /* LessonsListTests.xctest */,
			);
			name = Products;
			sourceTree = "<group>";
		};
		D1F12A442972C7D80076502F /* Photo-Lessons */ = {
			isa = PBXGroup;
			children = (
				D1F12A452972C7D80076502F /* Photo_LessonsApp.swift */,
				D14768402974AA7100F29DE0 /* LessonsList */,
				D147683F2974AA5C00F29DE0 /* LessonDetails */,
				D1F12A492972C7D90076502F /* Assets.xcassets */,
				D1F12A4B2972C7D90076502F /* Preview Content */,
			);
			path = "Photo-Lessons";
			sourceTree = "<group>";
		};
		D1F12A4B2972C7D90076502F /* Preview Content */ = {
			isa = PBXGroup;
			children = (
				D1F12A4C2972C7D90076502F /* Preview Assets.xcassets */,
			);
			path = "Preview Content";
			sourceTree = "<group>";
		};
		D1F12A552972C7D90076502F /* Photo-LessonsTests */ = {
			isa = PBXGroup;
			children = (
				D1F12A562972C7D90076502F /* Photo_LessonsTests.swift */,
			);
			path = "Photo-LessonsTests";
			sourceTree = "<group>";
		};
		D1F12A5F2972C7D90076502F /* Photo-LessonsUITests */ = {
			isa = PBXGroup;
			children = (
				D1F12A602972C7D90076502F /* Photo_LessonsUITests.swift */,
				D1F12A622972C7D90076502F /* Photo_LessonsUITestsLaunchTests.swift */,
			);
			path = "Photo-LessonsUITests";
			sourceTree = "<group>";
		};
		D1F12A752972C9ED0076502F /* Network Layer */ = {
			isa = PBXGroup;
			children = (
				D1F12A8B2972CE7C0076502F /* RequestInfos.swift */,
				D1F12A8C2972CE7C0076502F /* RequestProtocol.swift */,
				D1F12A762972C9ED0076502F /* Network_Layer.h */,
				D1F12A772972C9ED0076502F /* Network_Layer.docc */,
			);
			path = "Network Layer";
			sourceTree = "<group>";
		};
		D1F12A812972C9EE0076502F /* Network LayerTests */ = {
			isa = PBXGroup;
			children = (
				D1F12A8F297341950076502F /* Helpers */,
				D1F12A822972C9EE0076502F /* RequestProtocolTests.swift */,
			);
			path = "Network LayerTests";
			sourceTree = "<group>";
		};
		D1F12A8F297341950076502F /* Helpers */ = {
			isa = PBXGroup;
			children = (
				D1F12A90297341B00076502F /* XCTestCase+MemoryLeakTracking.swift */,
				D1F12A92297342550076502F /* RequestProtocolSpy.swift */,
			);
			path = Helpers;
			sourceTree = "<group>";
		};
		D1F12A94297343710076502F /* Frameworks */ = {
			isa = PBXGroup;
			children = (
			);
			name = Frameworks;
			sourceTree = "<group>";
		};
/* End PBXGroup section */

/* Begin PBXHeadersBuildPhase section */
		D1D89AEC29736DDE00141E0E /* Headers */ = {
			isa = PBXHeadersBuildPhase;
			buildActionMask = 2147483647;
			files = (
				D1D89B0129736DDE00141E0E /* LessonsList.h in Headers */,
			);
			runOnlyForDeploymentPostprocessing = 0;
		};
		D1F12A6F2972C9ED0076502F /* Headers */ = {
			isa = PBXHeadersBuildPhase;
			buildActionMask = 2147483647;
			files = (
				D1F12A842972C9EE0076502F /* Network_Layer.h in Headers */,
			);
			runOnlyForDeploymentPostprocessing = 0;
		};
/* End PBXHeadersBuildPhase section */

/* Begin PBXNativeTarget section */
		D1D89AF029736DDE00141E0E /* LessonsList */ = {
			isa = PBXNativeTarget;
			buildConfigurationList = D1D89B0229736DDE00141E0E /* Build configuration list for PBXNativeTarget "LessonsList" */;
			buildPhases = (
				D1D89AEC29736DDE00141E0E /* Headers */,
				D1D89AED29736DDE00141E0E /* Sources */,
				D1D89AEE29736DDE00141E0E /* Frameworks */,
				D1D89AEF29736DDE00141E0E /* Resources */,
				D1D89B1229736F7700141E0E /* Embed Frameworks */,
			);
			buildRules = (
			);
			dependencies = (
				D1D89B1129736F7700141E0E /* PBXTargetDependency */,
			);
			name = LessonsList;
			productName = LessonsList;
			productReference = D1D89AF129736DDE00141E0E /* LessonsList.framework */;
			productType = "com.apple.product-type.framework";
		};
		D1D89AF929736DDE00141E0E /* LessonsListTests */ = {
			isa = PBXNativeTarget;
			buildConfigurationList = D1D89B0529736DDE00141E0E /* Build configuration list for PBXNativeTarget "LessonsListTests" */;
			buildPhases = (
				D1D89AF629736DDE00141E0E /* Sources */,
				D1D89AF729736DDE00141E0E /* Frameworks */,
				D1D89AF829736DDE00141E0E /* Resources */,
			);
			buildRules = (
			);
			dependencies = (
				D1D89AFD29736DDE00141E0E /* PBXTargetDependency */,
			);
			name = LessonsListTests;
			productName = LessonsListTests;
			productReference = D1D89AFA29736DDE00141E0E /* LessonsListTests.xctest */;
			productType = "com.apple.product-type.bundle.unit-test";
		};
		D1F12A412972C7D80076502F /* Photo-Lessons */ = {
			isa = PBXNativeTarget;
			buildConfigurationList = D1F12A662972C7D90076502F /* Build configuration list for PBXNativeTarget "Photo-Lessons" */;
			buildPhases = (
				D1F12A3E2972C7D80076502F /* Sources */,
				D1F12A3F2972C7D80076502F /* Frameworks */,
				D1F12A402972C7D80076502F /* Resources */,
				D1F12AA6297344F80076502F /* Embed Frameworks */,
			);
			buildRules = (
			);
			dependencies = (
				D1F12AA5297344F80076502F /* PBXTargetDependency */,
				D1D89B0D29736F4E00141E0E /* PBXTargetDependency */,
			);
			name = "Photo-Lessons";
			productName = "Photo-Lessons";
			productReference = D1F12A422972C7D80076502F /* Photo-Lessons.app */;
			productType = "com.apple.product-type.application";
		};
		D1F12A512972C7D90076502F /* Photo-LessonsTests */ = {
			isa = PBXNativeTarget;
			buildConfigurationList = D1F12A692972C7D90076502F /* Build configuration list for PBXNativeTarget "Photo-LessonsTests" */;
			buildPhases = (
				D1F12A4E2972C7D90076502F /* Sources */,
				D1F12A4F2972C7D90076502F /* Frameworks */,
				D1F12A502972C7D90076502F /* Resources */,
			);
			buildRules = (
			);
			dependencies = (
				D1F12A542972C7D90076502F /* PBXTargetDependency */,
			);
			name = "Photo-LessonsTests";
			productName = "Photo-LessonsTests";
			productReference = D1F12A522972C7D90076502F /* Photo-LessonsTests.xctest */;
			productType = "com.apple.product-type.bundle.unit-test";
		};
		D1F12A5B2972C7D90076502F /* Photo-LessonsUITests */ = {
			isa = PBXNativeTarget;
			buildConfigurationList = D1F12A6C2972C7D90076502F /* Build configuration list for PBXNativeTarget "Photo-LessonsUITests" */;
			buildPhases = (
				D1F12A582972C7D90076502F /* Sources */,
				D1F12A592972C7D90076502F /* Frameworks */,
				D1F12A5A2972C7D90076502F /* Resources */,
			);
			buildRules = (
			);
			dependencies = (
				D1F12A5E2972C7D90076502F /* PBXTargetDependency */,
			);
			name = "Photo-LessonsUITests";
			productName = "Photo-LessonsUITests";
			productReference = D1F12A5C2972C7D90076502F /* Photo-LessonsUITests.xctest */;
			productType = "com.apple.product-type.bundle.ui-testing";
		};
		D1F12A732972C9ED0076502F /* Network Layer */ = {
			isa = PBXNativeTarget;
			buildConfigurationList = D1F12A852972C9EE0076502F /* Build configuration list for PBXNativeTarget "Network Layer" */;
			buildPhases = (
				D1F12A6F2972C9ED0076502F /* Headers */,
				D1F12A702972C9ED0076502F /* Sources */,
				D1F12A712972C9ED0076502F /* Frameworks */,
				D1F12A722972C9ED0076502F /* Resources */,
			);
			buildRules = (
			);
			dependencies = (
			);
			name = "Network Layer";
			productName = "Network Layer";
			productReference = D1F12A742972C9ED0076502F /* Network_Layer.framework */;
			productType = "com.apple.product-type.framework";
		};
		D1F12A7C2972C9EE0076502F /* Network LayerTests */ = {
			isa = PBXNativeTarget;
			buildConfigurationList = D1F12A882972C9EE0076502F /* Build configuration list for PBXNativeTarget "Network LayerTests" */;
			buildPhases = (
				D1F12A792972C9EE0076502F /* Sources */,
				D1F12A7A2972C9EE0076502F /* Frameworks */,
				D1F12A7B2972C9EE0076502F /* Resources */,
			);
			buildRules = (
			);
			dependencies = (
				D1F12A802972C9EE0076502F /* PBXTargetDependency */,
			);
			name = "Network LayerTests";
			productName = "Network LayerTests";
			productReference = D1F12A7D2972C9EE0076502F /* Network LayerTests.xctest */;
			productType = "com.apple.product-type.bundle.unit-test";
		};
/* End PBXNativeTarget section */

/* Begin PBXProject section */
		D1F12A3A2972C7D80076502F /* Project object */ = {
			isa = PBXProject;
			attributes = {
				BuildIndependentTargetsInParallel = 1;
				LastSwiftUpdateCheck = 1420;
				LastUpgradeCheck = 1420;
				TargetAttributes = {
					D1D89AF029736DDE00141E0E = {
						CreatedOnToolsVersion = 14.2;
					};
					D1D89AF929736DDE00141E0E = {
						CreatedOnToolsVersion = 14.2;
					};
					D1F12A412972C7D80076502F = {
						CreatedOnToolsVersion = 14.2;
					};
					D1F12A512972C7D90076502F = {
						CreatedOnToolsVersion = 14.2;
						TestTargetID = D1F12A412972C7D80076502F;
					};
					D1F12A5B2972C7D90076502F = {
						CreatedOnToolsVersion = 14.2;
						TestTargetID = D1F12A412972C7D80076502F;
					};
					D1F12A732972C9ED0076502F = {
						CreatedOnToolsVersion = 14.2;
					};
					D1F12A7C2972C9EE0076502F = {
						CreatedOnToolsVersion = 14.2;
					};
				};
			};
			buildConfigurationList = D1F12A3D2972C7D80076502F /* Build configuration list for PBXProject "Photo-Lessons" */;
			compatibilityVersion = "Xcode 14.0";
			developmentRegion = en;
			hasScannedForEncodings = 0;
			knownRegions = (
				en,
				Base,
			);
			mainGroup = D1F12A392972C7D80076502F;
			productRefGroup = D1F12A432972C7D80076502F /* Products */;
			projectDirPath = "";
			projectRoot = "";
			targets = (
				D1F12A412972C7D80076502F /* Photo-Lessons */,
				D1F12A512972C7D90076502F /* Photo-LessonsTests */,
				D1F12A5B2972C7D90076502F /* Photo-LessonsUITests */,
				D1F12A732972C9ED0076502F /* Network Layer */,
				D1F12A7C2972C9EE0076502F /* Network LayerTests */,
				D1D89AF029736DDE00141E0E /* LessonsList */,
				D1D89AF929736DDE00141E0E /* LessonsListTests */,
			);
		};
/* End PBXProject section */

/* Begin PBXResourcesBuildPhase section */
		D1D89AEF29736DDE00141E0E /* Resources */ = {
			isa = PBXResourcesBuildPhase;
			buildActionMask = 2147483647;
			files = (
			);
			runOnlyForDeploymentPostprocessing = 0;
		};
		D1D89AF829736DDE00141E0E /* Resources */ = {
			isa = PBXResourcesBuildPhase;
			buildActionMask = 2147483647;
			files = (
			);
			runOnlyForDeploymentPostprocessing = 0;
		};
		D1F12A402972C7D80076502F /* Resources */ = {
			isa = PBXResourcesBuildPhase;
			buildActionMask = 2147483647;
			files = (
				D1F12A4D2972C7D90076502F /* Preview Assets.xcassets in Resources */,
				D1F12A4A2972C7D90076502F /* Assets.xcassets in Resources */,
			);
			runOnlyForDeploymentPostprocessing = 0;
		};
		D1F12A502972C7D90076502F /* Resources */ = {
			isa = PBXResourcesBuildPhase;
			buildActionMask = 2147483647;
			files = (
			);
			runOnlyForDeploymentPostprocessing = 0;
		};
		D1F12A5A2972C7D90076502F /* Resources */ = {
			isa = PBXResourcesBuildPhase;
			buildActionMask = 2147483647;
			files = (
			);
			runOnlyForDeploymentPostprocessing = 0;
		};
		D1F12A722972C9ED0076502F /* Resources */ = {
			isa = PBXResourcesBuildPhase;
			buildActionMask = 2147483647;
			files = (
			);
			runOnlyForDeploymentPostprocessing = 0;
		};
		D1F12A7B2972C9EE0076502F /* Resources */ = {
			isa = PBXResourcesBuildPhase;
			buildActionMask = 2147483647;
			files = (
			);
			runOnlyForDeploymentPostprocessing = 0;
		};
/* End PBXResourcesBuildPhase section */

/* Begin PBXSourcesBuildPhase section */
		D1D89AED29736DDE00141E0E /* Sources */ = {
			isa = PBXSourcesBuildPhase;
			buildActionMask = 2147483647;
			files = (
				D1D89AF529736DDE00141E0E /* LessonsList.docc in Sources */,
				D1F0B9E2297374BE002076E7 /* LessonsRequest.swift in Sources */,
				D1D89B1429736F9400141E0E /* LessonsViewModel.swift in Sources */,
				D1D89B0929736E5C00141E0E /* LessonsModel.swift in Sources */,
				D1D89B1629736FA600141E0E /* LessonsService.swift in Sources */,
				D1F0B9E429737ED7002076E7 /* LessonsUIModel.swift in Sources */,
			);
			runOnlyForDeploymentPostprocessing = 0;
		};
		D1D89AF629736DDE00141E0E /* Sources */ = {
			isa = PBXSourcesBuildPhase;
			buildActionMask = 2147483647;
			files = (
				D1D89B0029736DDE00141E0E /* LessonsViewModelTests.swift in Sources */,
			);
			runOnlyForDeploymentPostprocessing = 0;
		};
		D1F12A3E2972C7D80076502F /* Sources */ = {
			isa = PBXSourcesBuildPhase;
			buildActionMask = 2147483647;
			files = (
				D147683E2974A54C00F29DE0 /* LessonDetailViewController.swift in Sources */,
				D1F12A482972C7D80076502F /* LessonsListView.swift in Sources */,
				D1F12A462972C7D80076502F /* Photo_LessonsApp.swift in Sources */,
				D14768422974AAC600F29DE0 /* LessonDetailView.swift in Sources */,
			);
			runOnlyForDeploymentPostprocessing = 0;
		};
		D1F12A4E2972C7D90076502F /* Sources */ = {
			isa = PBXSourcesBuildPhase;
			buildActionMask = 2147483647;
			files = (
				D1F12A572972C7D90076502F /* Photo_LessonsTests.swift in Sources */,
			);
			runOnlyForDeploymentPostprocessing = 0;
		};
		D1F12A582972C7D90076502F /* Sources */ = {
			isa = PBXSourcesBuildPhase;
			buildActionMask = 2147483647;
			files = (
				D1F12A612972C7D90076502F /* Photo_LessonsUITests.swift in Sources */,
				D1F12A632972C7D90076502F /* Photo_LessonsUITestsLaunchTests.swift in Sources */,
			);
			runOnlyForDeploymentPostprocessing = 0;
		};
		D1F12A702972C9ED0076502F /* Sources */ = {
			isa = PBXSourcesBuildPhase;
			buildActionMask = 2147483647;
			files = (
				D1F12A8E2972CE7C0076502F /* RequestInfos.swift in Sources */,
				D1F12A782972C9ED0076502F /* Network_Layer.docc in Sources */,
				D1F12A8D2972CE7C0076502F /* RequestProtocol.swift in Sources */,
			);
			runOnlyForDeploymentPostprocessing = 0;
		};
		D1F12A792972C9EE0076502F /* Sources */ = {
			isa = PBXSourcesBuildPhase;
			buildActionMask = 2147483647;
			files = (
				D1F12A832972C9EE0076502F /* RequestProtocolTests.swift in Sources */,
				D1F12A91297341B00076502F /* XCTestCase+MemoryLeakTracking.swift in Sources */,
				D1F12A93297342550076502F /* RequestProtocolSpy.swift in Sources */,
			);
			runOnlyForDeploymentPostprocessing = 0;
		};
/* End PBXSourcesBuildPhase section */

/* Begin PBXTargetDependency section */
		D1D89AFD29736DDE00141E0E /* PBXTargetDependency */ = {
			isa = PBXTargetDependency;
			target = D1D89AF029736DDE00141E0E /* LessonsList */;
			targetProxy = D1D89AFC29736DDE00141E0E /* PBXContainerItemProxy */;
		};
		D1D89B0D29736F4E00141E0E /* PBXTargetDependency */ = {
			isa = PBXTargetDependency;
			target = D1D89AF029736DDE00141E0E /* LessonsList */;
			targetProxy = D1D89B0C29736F4E00141E0E /* PBXContainerItemProxy */;
		};
		D1D89B1129736F7700141E0E /* PBXTargetDependency */ = {
			isa = PBXTargetDependency;
			target = D1F12A732972C9ED0076502F /* Network Layer */;
			targetProxy = D1D89B1029736F7700141E0E /* PBXContainerItemProxy */;
		};
		D1F12A542972C7D90076502F /* PBXTargetDependency */ = {
			isa = PBXTargetDependency;
			target = D1F12A412972C7D80076502F /* Photo-Lessons */;
			targetProxy = D1F12A532972C7D90076502F /* PBXContainerItemProxy */;
		};
		D1F12A5E2972C7D90076502F /* PBXTargetDependency */ = {
			isa = PBXTargetDependency;
			target = D1F12A412972C7D80076502F /* Photo-Lessons */;
			targetProxy = D1F12A5D2972C7D90076502F /* PBXContainerItemProxy */;
		};
		D1F12A802972C9EE0076502F /* PBXTargetDependency */ = {
			isa = PBXTargetDependency;
			target = D1F12A732972C9ED0076502F /* Network Layer */;
			targetProxy = D1F12A7F2972C9EE0076502F /* PBXContainerItemProxy */;
		};
		D1F12AA5297344F80076502F /* PBXTargetDependency */ = {
			isa = PBXTargetDependency;
			target = D1F12A732972C9ED0076502F /* Network Layer */;
			targetProxy = D1F12AA4297344F80076502F /* PBXContainerItemProxy */;
		};
/* End PBXTargetDependency section */

/* Begin XCBuildConfiguration section */
		D1D89B0329736DDE00141E0E /* Debug */ = {
			isa = XCBuildConfiguration;
			buildSettings = {
				CODE_SIGN_STYLE = Automatic;
				COMBINE_HIDPI_IMAGES = YES;
				CURRENT_PROJECT_VERSION = 1;
				DEFINES_MODULE = YES;
				DYLIB_COMPATIBILITY_VERSION = 1;
				DYLIB_CURRENT_VERSION = 1;
				DYLIB_INSTALL_NAME_BASE = "@rpath";
				GENERATE_INFOPLIST_FILE = YES;
				INFOPLIST_KEY_NSHumanReadableCopyright = "";
				INSTALL_PATH = "$(LOCAL_LIBRARY_DIR)/Frameworks";
				IPHONEOS_DEPLOYMENT_TARGET = 14.0;
				LD_RUNPATH_SEARCH_PATHS = (
					"$(inherited)",
					"@executable_path/../Frameworks",
					"@loader_path/Frameworks",
				);
				MACOSX_DEPLOYMENT_TARGET = 13.0;
				MARKETING_VERSION = 1.0;
				PRODUCT_BUNDLE_IDENTIFIER = "Matheus-Martins.LessonsList";
				PRODUCT_NAME = "$(TARGET_NAME:c99extidentifier)";
				SDKROOT = macosx;
				SKIP_INSTALL = YES;
				SUPPORTED_PLATFORMS = "iphoneos iphonesimulator macosx";
				SUPPORTS_MACCATALYST = NO;
				SUPPORTS_MAC_DESIGNED_FOR_IPHONE_IPAD = NO;
				SWIFT_EMIT_LOC_STRINGS = YES;
				SWIFT_VERSION = 5.0;
				TARGETED_DEVICE_FAMILY = 1;
				VERSIONING_SYSTEM = "apple-generic";
				VERSION_INFO_PREFIX = "";
			};
			name = Debug;
		};
		D1D89B0429736DDE00141E0E /* Release */ = {
			isa = XCBuildConfiguration;
			buildSettings = {
				CODE_SIGN_STYLE = Automatic;
				COMBINE_HIDPI_IMAGES = YES;
				CURRENT_PROJECT_VERSION = 1;
				DEFINES_MODULE = YES;
				DYLIB_COMPATIBILITY_VERSION = 1;
				DYLIB_CURRENT_VERSION = 1;
				DYLIB_INSTALL_NAME_BASE = "@rpath";
				GENERATE_INFOPLIST_FILE = YES;
				INFOPLIST_KEY_NSHumanReadableCopyright = "";
				INSTALL_PATH = "$(LOCAL_LIBRARY_DIR)/Frameworks";
				IPHONEOS_DEPLOYMENT_TARGET = 14.0;
				LD_RUNPATH_SEARCH_PATHS = (
					"$(inherited)",
					"@executable_path/../Frameworks",
					"@loader_path/Frameworks",
				);
				MACOSX_DEPLOYMENT_TARGET = 13.0;
				MARKETING_VERSION = 1.0;
				PRODUCT_BUNDLE_IDENTIFIER = "Matheus-Martins.LessonsList";
				PRODUCT_NAME = "$(TARGET_NAME:c99extidentifier)";
				SDKROOT = macosx;
				SKIP_INSTALL = YES;
				SUPPORTED_PLATFORMS = "iphoneos iphonesimulator macosx";
				SUPPORTS_MACCATALYST = NO;
				SUPPORTS_MAC_DESIGNED_FOR_IPHONE_IPAD = NO;
				SWIFT_EMIT_LOC_STRINGS = YES;
				SWIFT_VERSION = 5.0;
				TARGETED_DEVICE_FAMILY = 1;
				VERSIONING_SYSTEM = "apple-generic";
				VERSION_INFO_PREFIX = "";
			};
			name = Release;
		};
		D1D89B0629736DDE00141E0E /* Debug */ = {
			isa = XCBuildConfiguration;
			buildSettings = {
				ALWAYS_EMBED_SWIFT_STANDARD_LIBRARIES = YES;
				CODE_SIGN_STYLE = Automatic;
				CURRENT_PROJECT_VERSION = 1;
				GENERATE_INFOPLIST_FILE = YES;
				MACOSX_DEPLOYMENT_TARGET = 13.0;
				MARKETING_VERSION = 1.0;
				PRODUCT_BUNDLE_IDENTIFIER = "Matheus-Martins.LessonsListTests";
				PRODUCT_NAME = "$(TARGET_NAME)";
				SDKROOT = macosx;
				SWIFT_EMIT_LOC_STRINGS = NO;
				SWIFT_VERSION = 5.0;
			};
			name = Debug;
		};
		D1D89B0729736DDE00141E0E /* Release */ = {
			isa = XCBuildConfiguration;
			buildSettings = {
				ALWAYS_EMBED_SWIFT_STANDARD_LIBRARIES = YES;
				CODE_SIGN_STYLE = Automatic;
				CURRENT_PROJECT_VERSION = 1;
				GENERATE_INFOPLIST_FILE = YES;
				MACOSX_DEPLOYMENT_TARGET = 13.0;
				MARKETING_VERSION = 1.0;
				PRODUCT_BUNDLE_IDENTIFIER = "Matheus-Martins.LessonsListTests";
				PRODUCT_NAME = "$(TARGET_NAME)";
				SDKROOT = macosx;
				SWIFT_EMIT_LOC_STRINGS = NO;
				SWIFT_VERSION = 5.0;
			};
			name = Release;
		};
		D1F12A642972C7D90076502F /* Debug */ = {
			isa = XCBuildConfiguration;
			buildSettings = {
				ALWAYS_SEARCH_USER_PATHS = NO;
				CLANG_ANALYZER_NONNULL = YES;
				CLANG_ANALYZER_NUMBER_OBJECT_CONVERSION = YES_AGGRESSIVE;
				CLANG_CXX_LANGUAGE_STANDARD = "gnu++20";
				CLANG_ENABLE_MODULES = YES;
				CLANG_ENABLE_OBJC_ARC = YES;
				CLANG_ENABLE_OBJC_WEAK = YES;
				CLANG_WARN_BLOCK_CAPTURE_AUTORELEASING = YES;
				CLANG_WARN_BOOL_CONVERSION = YES;
				CLANG_WARN_COMMA = YES;
				CLANG_WARN_CONSTANT_CONVERSION = YES;
				CLANG_WARN_DEPRECATED_OBJC_IMPLEMENTATIONS = YES;
				CLANG_WARN_DIRECT_OBJC_ISA_USAGE = YES_ERROR;
				CLANG_WARN_DOCUMENTATION_COMMENTS = YES;
				CLANG_WARN_EMPTY_BODY = YES;
				CLANG_WARN_ENUM_CONVERSION = YES;
				CLANG_WARN_INFINITE_RECURSION = YES;
				CLANG_WARN_INT_CONVERSION = YES;
				CLANG_WARN_NON_LITERAL_NULL_CONVERSION = YES;
				CLANG_WARN_OBJC_IMPLICIT_RETAIN_SELF = YES;
				CLANG_WARN_OBJC_LITERAL_CONVERSION = YES;
				CLANG_WARN_OBJC_ROOT_CLASS = YES_ERROR;
				CLANG_WARN_QUOTED_INCLUDE_IN_FRAMEWORK_HEADER = YES;
				CLANG_WARN_RANGE_LOOP_ANALYSIS = YES;
				CLANG_WARN_STRICT_PROTOTYPES = YES;
				CLANG_WARN_SUSPICIOUS_MOVE = YES;
				CLANG_WARN_UNGUARDED_AVAILABILITY = YES_AGGRESSIVE;
				CLANG_WARN_UNREACHABLE_CODE = YES;
				CLANG_WARN__DUPLICATE_METHOD_MATCH = YES;
				COPY_PHASE_STRIP = NO;
				DEBUG_INFORMATION_FORMAT = dwarf;
				ENABLE_STRICT_OBJC_MSGSEND = YES;
				ENABLE_TESTABILITY = YES;
				GCC_C_LANGUAGE_STANDARD = gnu11;
				GCC_DYNAMIC_NO_PIC = NO;
				GCC_NO_COMMON_BLOCKS = YES;
				GCC_OPTIMIZATION_LEVEL = 0;
				GCC_PREPROCESSOR_DEFINITIONS = (
					"DEBUG=1",
					"$(inherited)",
				);
				GCC_WARN_64_TO_32_BIT_CONVERSION = YES;
				GCC_WARN_ABOUT_RETURN_TYPE = YES_ERROR;
				GCC_WARN_UNDECLARED_SELECTOR = YES;
				GCC_WARN_UNINITIALIZED_AUTOS = YES_AGGRESSIVE;
				GCC_WARN_UNUSED_FUNCTION = YES;
				GCC_WARN_UNUSED_VARIABLE = YES;
				IPHONEOS_DEPLOYMENT_TARGET = 16.2;
				MTL_ENABLE_DEBUG_INFO = INCLUDE_SOURCE;
				MTL_FAST_MATH = YES;
				ONLY_ACTIVE_ARCH = YES;
				SDKROOT = iphoneos;
				SWIFT_ACTIVE_COMPILATION_CONDITIONS = DEBUG;
				SWIFT_OPTIMIZATION_LEVEL = "-Onone";
			};
			name = Debug;
		};
		D1F12A652972C7D90076502F /* Release */ = {
			isa = XCBuildConfiguration;
			buildSettings = {
				ALWAYS_SEARCH_USER_PATHS = NO;
				CLANG_ANALYZER_NONNULL = YES;
				CLANG_ANALYZER_NUMBER_OBJECT_CONVERSION = YES_AGGRESSIVE;
				CLANG_CXX_LANGUAGE_STANDARD = "gnu++20";
				CLANG_ENABLE_MODULES = YES;
				CLANG_ENABLE_OBJC_ARC = YES;
				CLANG_ENABLE_OBJC_WEAK = YES;
				CLANG_WARN_BLOCK_CAPTURE_AUTORELEASING = YES;
				CLANG_WARN_BOOL_CONVERSION = YES;
				CLANG_WARN_COMMA = YES;
				CLANG_WARN_CONSTANT_CONVERSION = YES;
				CLANG_WARN_DEPRECATED_OBJC_IMPLEMENTATIONS = YES;
				CLANG_WARN_DIRECT_OBJC_ISA_USAGE = YES_ERROR;
				CLANG_WARN_DOCUMENTATION_COMMENTS = YES;
				CLANG_WARN_EMPTY_BODY = YES;
				CLANG_WARN_ENUM_CONVERSION = YES;
				CLANG_WARN_INFINITE_RECURSION = YES;
				CLANG_WARN_INT_CONVERSION = YES;
				CLANG_WARN_NON_LITERAL_NULL_CONVERSION = YES;
				CLANG_WARN_OBJC_IMPLICIT_RETAIN_SELF = YES;
				CLANG_WARN_OBJC_LITERAL_CONVERSION = YES;
				CLANG_WARN_OBJC_ROOT_CLASS = YES_ERROR;
				CLANG_WARN_QUOTED_INCLUDE_IN_FRAMEWORK_HEADER = YES;
				CLANG_WARN_RANGE_LOOP_ANALYSIS = YES;
				CLANG_WARN_STRICT_PROTOTYPES = YES;
				CLANG_WARN_SUSPICIOUS_MOVE = YES;
				CLANG_WARN_UNGUARDED_AVAILABILITY = YES_AGGRESSIVE;
				CLANG_WARN_UNREACHABLE_CODE = YES;
				CLANG_WARN__DUPLICATE_METHOD_MATCH = YES;
				COPY_PHASE_STRIP = NO;
				DEBUG_INFORMATION_FORMAT = "dwarf-with-dsym";
				ENABLE_NS_ASSERTIONS = NO;
				ENABLE_STRICT_OBJC_MSGSEND = YES;
				GCC_C_LANGUAGE_STANDARD = gnu11;
				GCC_NO_COMMON_BLOCKS = YES;
				GCC_WARN_64_TO_32_BIT_CONVERSION = YES;
				GCC_WARN_ABOUT_RETURN_TYPE = YES_ERROR;
				GCC_WARN_UNDECLARED_SELECTOR = YES;
				GCC_WARN_UNINITIALIZED_AUTOS = YES_AGGRESSIVE;
				GCC_WARN_UNUSED_FUNCTION = YES;
				GCC_WARN_UNUSED_VARIABLE = YES;
				IPHONEOS_DEPLOYMENT_TARGET = 16.2;
				MTL_ENABLE_DEBUG_INFO = NO;
				MTL_FAST_MATH = YES;
				SDKROOT = iphoneos;
				SWIFT_COMPILATION_MODE = wholemodule;
				SWIFT_OPTIMIZATION_LEVEL = "-O";
				VALIDATE_PRODUCT = YES;
			};
			name = Release;
		};
		D1F12A672972C7D90076502F /* Debug */ = {
			isa = XCBuildConfiguration;
			buildSettings = {
				ASSETCATALOG_COMPILER_APPICON_NAME = AppIcon;
				ASSETCATALOG_COMPILER_GLOBAL_ACCENT_COLOR_NAME = AccentColor;
				CODE_SIGN_STYLE = Automatic;
				CURRENT_PROJECT_VERSION = 1;
				DEVELOPMENT_ASSET_PATHS = "\"Photo-Lessons/Preview Content\"";
				ENABLE_PREVIEWS = YES;
				GENERATE_INFOPLIST_FILE = YES;
				INFOPLIST_KEY_UIApplicationSceneManifest_Generation = YES;
				INFOPLIST_KEY_UIApplicationSupportsIndirectInputEvents = YES;
				INFOPLIST_KEY_UILaunchScreen_Generation = YES;
				INFOPLIST_KEY_UISupportedInterfaceOrientations = UIInterfaceOrientationPortrait;
				IPHONEOS_DEPLOYMENT_TARGET = 15.0;
				LD_RUNPATH_SEARCH_PATHS = (
					"$(inherited)",
					"@executable_path/Frameworks",
				);
				MARKETING_VERSION = 1.0;
				PRODUCT_BUNDLE_IDENTIFIER = "Matheus-Martins.Photo-Lessons";
				PRODUCT_NAME = "$(TARGET_NAME)";
				SWIFT_EMIT_LOC_STRINGS = YES;
				SWIFT_VERSION = 5.0;
				TARGETED_DEVICE_FAMILY = "1,2";
			};
			name = Debug;
		};
		D1F12A682972C7D90076502F /* Release */ = {
			isa = XCBuildConfiguration;
			buildSettings = {
				ASSETCATALOG_COMPILER_APPICON_NAME = AppIcon;
				ASSETCATALOG_COMPILER_GLOBAL_ACCENT_COLOR_NAME = AccentColor;
				CODE_SIGN_STYLE = Automatic;
				CURRENT_PROJECT_VERSION = 1;
				DEVELOPMENT_ASSET_PATHS = "\"Photo-Lessons/Preview Content\"";
				ENABLE_PREVIEWS = YES;
				GENERATE_INFOPLIST_FILE = YES;
				INFOPLIST_KEY_UIApplicationSceneManifest_Generation = YES;
				INFOPLIST_KEY_UIApplicationSupportsIndirectInputEvents = YES;
				INFOPLIST_KEY_UILaunchScreen_Generation = YES;
				INFOPLIST_KEY_UISupportedInterfaceOrientations = UIInterfaceOrientationPortrait;
				IPHONEOS_DEPLOYMENT_TARGET = 15.0;
				LD_RUNPATH_SEARCH_PATHS = (
					"$(inherited)",
					"@executable_path/Frameworks",
				);
				MARKETING_VERSION = 1.0;
				PRODUCT_BUNDLE_IDENTIFIER = "Matheus-Martins.Photo-Lessons";
				PRODUCT_NAME = "$(TARGET_NAME)";
				SWIFT_EMIT_LOC_STRINGS = YES;
				SWIFT_VERSION = 5.0;
				TARGETED_DEVICE_FAMILY = "1,2";
			};
			name = Release;
		};
		D1F12A6A2972C7D90076502F /* Debug */ = {
			isa = XCBuildConfiguration;
			buildSettings = {
				ALWAYS_EMBED_SWIFT_STANDARD_LIBRARIES = YES;
				BUNDLE_LOADER = "$(TEST_HOST)";
				CODE_SIGN_STYLE = Automatic;
				CURRENT_PROJECT_VERSION = 1;
				GENERATE_INFOPLIST_FILE = YES;
				IPHONEOS_DEPLOYMENT_TARGET = 14.0;
				MARKETING_VERSION = 1.0;
				PRODUCT_BUNDLE_IDENTIFIER = "Matheus-Martins.Photo-LessonsTests";
				PRODUCT_NAME = "$(TARGET_NAME)";
				SWIFT_EMIT_LOC_STRINGS = NO;
				SWIFT_VERSION = 5.0;
				TARGETED_DEVICE_FAMILY = "1,2";
				TEST_HOST = "$(BUILT_PRODUCTS_DIR)/Photo-Lessons.app/$(BUNDLE_EXECUTABLE_FOLDER_PATH)/Photo-Lessons";
			};
			name = Debug;
		};
		D1F12A6B2972C7D90076502F /* Release */ = {
			isa = XCBuildConfiguration;
			buildSettings = {
				ALWAYS_EMBED_SWIFT_STANDARD_LIBRARIES = YES;
				BUNDLE_LOADER = "$(TEST_HOST)";
				CODE_SIGN_STYLE = Automatic;
				CURRENT_PROJECT_VERSION = 1;
				GENERATE_INFOPLIST_FILE = YES;
				IPHONEOS_DEPLOYMENT_TARGET = 14.0;
				MARKETING_VERSION = 1.0;
				PRODUCT_BUNDLE_IDENTIFIER = "Matheus-Martins.Photo-LessonsTests";
				PRODUCT_NAME = "$(TARGET_NAME)";
				SWIFT_EMIT_LOC_STRINGS = NO;
				SWIFT_VERSION = 5.0;
				TARGETED_DEVICE_FAMILY = "1,2";
				TEST_HOST = "$(BUILT_PRODUCTS_DIR)/Photo-Lessons.app/$(BUNDLE_EXECUTABLE_FOLDER_PATH)/Photo-Lessons";
			};
			name = Release;
		};
		D1F12A6D2972C7D90076502F /* Debug */ = {
			isa = XCBuildConfiguration;
			buildSettings = {
				ALWAYS_EMBED_SWIFT_STANDARD_LIBRARIES = YES;
				CODE_SIGN_STYLE = Automatic;
				CURRENT_PROJECT_VERSION = 1;
				GENERATE_INFOPLIST_FILE = YES;
				MARKETING_VERSION = 1.0;
				PRODUCT_BUNDLE_IDENTIFIER = "Matheus-Martins.Photo-LessonsUITests";
				PRODUCT_NAME = "$(TARGET_NAME)";
				SWIFT_EMIT_LOC_STRINGS = NO;
				SWIFT_VERSION = 5.0;
				TARGETED_DEVICE_FAMILY = "1,2";
				TEST_TARGET_NAME = "Photo-Lessons";
			};
			name = Debug;
		};
		D1F12A6E2972C7D90076502F /* Release */ = {
			isa = XCBuildConfiguration;
			buildSettings = {
				ALWAYS_EMBED_SWIFT_STANDARD_LIBRARIES = YES;
				CODE_SIGN_STYLE = Automatic;
				CURRENT_PROJECT_VERSION = 1;
				GENERATE_INFOPLIST_FILE = YES;
				MARKETING_VERSION = 1.0;
				PRODUCT_BUNDLE_IDENTIFIER = "Matheus-Martins.Photo-LessonsUITests";
				PRODUCT_NAME = "$(TARGET_NAME)";
				SWIFT_EMIT_LOC_STRINGS = NO;
				SWIFT_VERSION = 5.0;
				TARGETED_DEVICE_FAMILY = "1,2";
				TEST_TARGET_NAME = "Photo-Lessons";
			};
			name = Release;
		};
		D1F12A862972C9EE0076502F /* Debug */ = {
			isa = XCBuildConfiguration;
			buildSettings = {
				CODE_SIGN_STYLE = Automatic;
				COMBINE_HIDPI_IMAGES = YES;
				CURRENT_PROJECT_VERSION = 1;
				DEFINES_MODULE = YES;
				DYLIB_COMPATIBILITY_VERSION = 1;
				DYLIB_CURRENT_VERSION = 1;
				DYLIB_INSTALL_NAME_BASE = "@rpath";
				GENERATE_INFOPLIST_FILE = YES;
				INFOPLIST_KEY_NSHumanReadableCopyright = "";
				INSTALL_PATH = "$(LOCAL_LIBRARY_DIR)/Frameworks";
				IPHONEOS_DEPLOYMENT_TARGET = 14.0;
				LD_RUNPATH_SEARCH_PATHS = (
					"$(inherited)",
					"@executable_path/../Frameworks",
					"@loader_path/Frameworks",
				);
				MACOSX_DEPLOYMENT_TARGET = 13.0;
				MARKETING_VERSION = 1.0;
				PRODUCT_BUNDLE_IDENTIFIER = "Matheus-Martins.Network-Layer";
				PRODUCT_NAME = "$(TARGET_NAME:c99extidentifier)";
				SDKROOT = macosx;
				SKIP_INSTALL = YES;
				SUPPORTED_PLATFORMS = "iphoneos iphonesimulator macosx";
				SUPPORTS_MACCATALYST = NO;
				SUPPORTS_MAC_DESIGNED_FOR_IPHONE_IPAD = NO;
				SWIFT_EMIT_LOC_STRINGS = YES;
				SWIFT_VERSION = 5.0;
				TARGETED_DEVICE_FAMILY = 1;
				VERSIONING_SYSTEM = "apple-generic";
				VERSION_INFO_PREFIX = "";
			};
			name = Debug;
		};
		D1F12A872972C9EE0076502F /* Release */ = {
			isa = XCBuildConfiguration;
			buildSettings = {
				CODE_SIGN_STYLE = Automatic;
				COMBINE_HIDPI_IMAGES = YES;
				CURRENT_PROJECT_VERSION = 1;
				DEFINES_MODULE = YES;
				DYLIB_COMPATIBILITY_VERSION = 1;
				DYLIB_CURRENT_VERSION = 1;
				DYLIB_INSTALL_NAME_BASE = "@rpath";
				GENERATE_INFOPLIST_FILE = YES;
				INFOPLIST_KEY_NSHumanReadableCopyright = "";
				INSTALL_PATH = "$(LOCAL_LIBRARY_DIR)/Frameworks";
				IPHONEOS_DEPLOYMENT_TARGET = 14.0;
				LD_RUNPATH_SEARCH_PATHS = (
					"$(inherited)",
					"@executable_path/../Frameworks",
					"@loader_path/Frameworks",
				);
				MACOSX_DEPLOYMENT_TARGET = 13.0;
				MARKETING_VERSION = 1.0;
				PRODUCT_BUNDLE_IDENTIFIER = "Matheus-Martins.Network-Layer";
				PRODUCT_NAME = "$(TARGET_NAME:c99extidentifier)";
				SDKROOT = macosx;
				SKIP_INSTALL = YES;
				SUPPORTED_PLATFORMS = "iphoneos iphonesimulator macosx";
				SUPPORTS_MACCATALYST = NO;
				SUPPORTS_MAC_DESIGNED_FOR_IPHONE_IPAD = NO;
				SWIFT_EMIT_LOC_STRINGS = YES;
				SWIFT_VERSION = 5.0;
				TARGETED_DEVICE_FAMILY = 1;
				VERSIONING_SYSTEM = "apple-generic";
				VERSION_INFO_PREFIX = "";
			};
			name = Release;
		};
		D1F12A892972C9EE0076502F /* Debug */ = {
			isa = XCBuildConfiguration;
			buildSettings = {
				ALWAYS_EMBED_SWIFT_STANDARD_LIBRARIES = YES;
				CODE_SIGN_STYLE = Automatic;
				CURRENT_PROJECT_VERSION = 1;
				GENERATE_INFOPLIST_FILE = YES;
				MACOSX_DEPLOYMENT_TARGET = 13.0;
				MARKETING_VERSION = 1.0;
				PRODUCT_BUNDLE_IDENTIFIER = "Matheus-Martins.Network-LayerTests";
				PRODUCT_NAME = "$(TARGET_NAME)";
				SDKROOT = macosx;
				SWIFT_EMIT_LOC_STRINGS = NO;
				SWIFT_VERSION = 5.0;
			};
			name = Debug;
		};
		D1F12A8A2972C9EE0076502F /* Release */ = {
			isa = XCBuildConfiguration;
			buildSettings = {
				ALWAYS_EMBED_SWIFT_STANDARD_LIBRARIES = YES;
				CODE_SIGN_STYLE = Automatic;
				CURRENT_PROJECT_VERSION = 1;
				GENERATE_INFOPLIST_FILE = YES;
				MACOSX_DEPLOYMENT_TARGET = 13.0;
				MARKETING_VERSION = 1.0;
				PRODUCT_BUNDLE_IDENTIFIER = "Matheus-Martins.Network-LayerTests";
				PRODUCT_NAME = "$(TARGET_NAME)";
				SDKROOT = macosx;
				SWIFT_EMIT_LOC_STRINGS = NO;
				SWIFT_VERSION = 5.0;
			};
			name = Release;
		};
/* End XCBuildConfiguration section */

/* Begin XCConfigurationList section */
		D1D89B0229736DDE00141E0E /* Build configuration list for PBXNativeTarget "LessonsList" */ = {
			isa = XCConfigurationList;
			buildConfigurations = (
				D1D89B0329736DDE00141E0E /* Debug */,
				D1D89B0429736DDE00141E0E /* Release */,
			);
			defaultConfigurationIsVisible = 0;
			defaultConfigurationName = Release;
		};
		D1D89B0529736DDE00141E0E /* Build configuration list for PBXNativeTarget "LessonsListTests" */ = {
			isa = XCConfigurationList;
			buildConfigurations = (
				D1D89B0629736DDE00141E0E /* Debug */,
				D1D89B0729736DDE00141E0E /* Release */,
			);
			defaultConfigurationIsVisible = 0;
			defaultConfigurationName = Release;
		};
		D1F12A3D2972C7D80076502F /* Build configuration list for PBXProject "Photo-Lessons" */ = {
			isa = XCConfigurationList;
			buildConfigurations = (
				D1F12A642972C7D90076502F /* Debug */,
				D1F12A652972C7D90076502F /* Release */,
			);
			defaultConfigurationIsVisible = 0;
			defaultConfigurationName = Release;
		};
		D1F12A662972C7D90076502F /* Build configuration list for PBXNativeTarget "Photo-Lessons" */ = {
			isa = XCConfigurationList;
			buildConfigurations = (
				D1F12A672972C7D90076502F /* Debug */,
				D1F12A682972C7D90076502F /* Release */,
			);
			defaultConfigurationIsVisible = 0;
			defaultConfigurationName = Release;
		};
		D1F12A692972C7D90076502F /* Build configuration list for PBXNativeTarget "Photo-LessonsTests" */ = {
			isa = XCConfigurationList;
			buildConfigurations = (
				D1F12A6A2972C7D90076502F /* Debug */,
				D1F12A6B2972C7D90076502F /* Release */,
			);
			defaultConfigurationIsVisible = 0;
			defaultConfigurationName = Release;
		};
		D1F12A6C2972C7D90076502F /* Build configuration list for PBXNativeTarget "Photo-LessonsUITests" */ = {
			isa = XCConfigurationList;
			buildConfigurations = (
				D1F12A6D2972C7D90076502F /* Debug */,
				D1F12A6E2972C7D90076502F /* Release */,
			);
			defaultConfigurationIsVisible = 0;
			defaultConfigurationName = Release;
		};
		D1F12A852972C9EE0076502F /* Build configuration list for PBXNativeTarget "Network Layer" */ = {
			isa = XCConfigurationList;
			buildConfigurations = (
				D1F12A862972C9EE0076502F /* Debug */,
				D1F12A872972C9EE0076502F /* Release */,
			);
			defaultConfigurationIsVisible = 0;
			defaultConfigurationName = Release;
		};
		D1F12A882972C9EE0076502F /* Build configuration list for PBXNativeTarget "Network LayerTests" */ = {
			isa = XCConfigurationList;
			buildConfigurations = (
				D1F12A892972C9EE0076502F /* Debug */,
				D1F12A8A2972C9EE0076502F /* Release */,
			);
			defaultConfigurationIsVisible = 0;
			defaultConfigurationName = Release;
		};
/* End XCConfigurationList section */
	};
	rootObject = D1F12A3A2972C7D80076502F /* Project object */;
}
